
Microsoft Visual Studio Solution File, Format Version 12.00
# Visual Studio Version 17
VisualStudioVersion = 17.4.33205.214
MinimumVisualStudioVersion = 10.0.40219.1
Project("{FAE04EC0-301F-11D3-BF4B-00C04F79EFBC}") = "MarkInBox Gravação PDT 110 F1", "MarkInBox Gravação PDT 110 F1.csproj", "{85D0B660-D033-4FBC-93A5-E77DEC6054E2}"
EndProject
Global
	GlobalSection(SolutionConfigurationPlatforms) = preSolution
		Debug|Any CPU = Debug|Any CPU
		Release|Any CPU = Release|Any CPU
	EndGlobalSection
	GlobalSection(ProjectConfigurationPlatforms) = postSolution
		{85D0B660-D033-4FBC-93A5-E77DEC6054E2}.Debug|Any CPU.ActiveCfg = Debug|Any CPU
		{85D0B660-D033-4FBC-93A5-E77DEC6054E2}.Debug|Any CPU.Build.0 = Debug|Any CPU
		{85D0B660-D033-4FBC-93A5-E77DEC6054E2}.Release|Any CPU.ActiveCfg = Release|Any CPU
		{85D0B660-D033-4FBC-93A5-E77DEC6054E2}.Release|Any CPU.Build.0 = Release|Any CPU
	EndGlobalSection
	GlobalSection(SolutionProperties) = preSolution
		HideSolutionNode = FALSE
	EndGlobalSection
	GlobalSection(ExtensibilityGlobals) = postSolution
		SolutionGuid = {6F61F0DD-D27F-4E99-9348-B3F79D4CE7B9}
	EndGlobalSection
EndGlobal
